
Microsoft Visual Studio Solution File, Format Version 12.00
# Visual Studio Version 16
VisualStudioVersion = 16.0.32228.343
MinimumVisualStudioVersion = 10.0.40219.1
Project("{FAE04EC0-301F-11D3-BF4B-00C04F79EFBC}") = "Gupdate", "Gupdate\Gupdate.csproj", "{89FAC525-8A6E-47C4-8BAD-03A24CE6A9E8}"
EndProject
Global
	GlobalSection(SolutionConfigurationPlatforms) = preSolution
		Debug|Any CPU = Debug|Any CPU
		Release|Any CPU = Release|Any CPU
	EndGlobalSection
	GlobalSection(ProjectConfigurationPlatforms) = postSolution
		{89FAC525-8A6E-47C4-8BAD-03A24CE6A9E8}.Debug|Any CPU.ActiveCfg = Debug|Any CPU
		{89FAC525-8A6E-47C4-8BAD-03A24CE6A9E8}.Debug|Any CPU.Build.0 = Debug|Any CPU
		{89FAC525-8A6E-47C4-8BAD-03A24CE6A9E8}.Release|Any CPU.ActiveCfg = Release|Any CPU
		{89FAC525-8A6E-47C4-8BAD-03A24CE6A9E8}.Release|Any CPU.Build.0 = Release|Any CPU
	EndGlobalSection
	GlobalSection(SolutionProperties) = preSolution
		HideSolutionNode = FALSE
	EndGlobalSection
	GlobalSection(ExtensibilityGlobals) = postSolution
		SolutionGuid = {751DCCFE-D3C7-43A3-BFA1-E940039039D0}
	EndGlobalSection
EndGlobal
